
Microsoft Visual Studio Solution File, Format Version 12.00
# Visual Studio Version 16
VisualStudioVersion = 16.0.33927.289
MinimumVisualStudioVersion = 10.0.40219.1
Project("{2150E333-8FDC-42A3-9474-1A3956D46DE8}") = "Task0", "Task0", "{D3E60463-5D2F-47FE-B130-80A8BAE87FAF}"
EndProject
Project("{FAE04EC0-301F-11D3-BF4B-00C04F79EFBC}") = "Tyuiu.SugrovskiyNI.Sprint4.Task0.V21", "Tyuiu.SugrovskiyNI.Sprint4.Task0.V21\Tyuiu.SugrovskiyNI.Sprint4.Task0.V21.csproj", "{D99F39DA-7576-4265-AE09-7A07F4EECB93}"
EndProject
Project("{FAE04EC0-301F-11D3-BF4B-00C04F79EFBC}") = "Tyuiu.SugrovskiyNI.Sprint4.Task0.V21.Lib", "Tyuiu.SugrovskiyNI.Sprint4.Task0.V21.Lib\Tyuiu.SugrovskiyNI.Sprint4.Task0.V21.Lib.csproj", "{9CB3C4FE-FE15-49E7-BB90-9D5662202D58}"
EndProject
Project("{FAE04EC0-301F-11D3-BF4B-00C04F79EFBC}") = "Tyuiu.SugrovskiyNI.Sprint4.Task0.V21.Test", "Tyuiu.SugrovskiyNI.Sprint4.Task0.V21.Test\Tyuiu.SugrovskiyNI.Sprint4.Task0.V21.Test.csproj", "{B4C08C5F-7BBF-4944-A6FB-42E7C917C155}"
EndProject
Project("{2150E333-8FDC-42A3-9474-1A3956D46DE8}") = "Task1", "Task1", "{3B9B7F3A-D23A-40B2-AE73-2E5FB5B77529}"
EndProject
Project("{FAE04EC0-301F-11D3-BF4B-00C04F79EFBC}") = "Tyuiu.SugrovskiyNI.Sprint4.Task1.V6", "Tyuiu.SugrovskiyNI.Sprint4.Task1.V6\Tyuiu.SugrovskiyNI.Sprint4.Task1.V6.csproj", "{B9940023-37FF-44D4-AA20-92F53086C7E7}"
EndProject
Project("{FAE04EC0-301F-11D3-BF4B-00C04F79EFBC}") = "Tyuiu.SugrovskiyNI.Sprint4.Task1.V6.Lib", "Tyuiu.SugrovskiyNI.Sprint4.Task1.V6.Lib\Tyuiu.SugrovskiyNI.Sprint4.Task1.V6.Lib.csproj", "{B8A1520F-5A07-4C53-A1BF-73AB16BDC3BC}"
EndProject
Project("{FAE04EC0-301F-11D3-BF4B-00C04F79EFBC}") = "Tyuiu.SugrovskiyNI.Sprint4.Task1.V6.Test", "Tyuiu.SugrovskiyNI.Sprint4.Task1.V6.Test\Tyuiu.SugrovskiyNI.Sprint4.Task1.V6.Test.csproj", "{6104138B-87CD-4F23-ADFE-F12CFC5D58D8}"
EndProject
Project("{2150E333-8FDC-42A3-9474-1A3956D46DE8}") = "Task2", "Task2", "{3207A18D-D9AD-40EF-8D96-7D0AEF0A87B2}"
EndProject
Project("{FAE04EC0-301F-11D3-BF4B-00C04F79EFBC}") = "Tyuiu.SugrovskiyNI.Sprint4.Task2.V14", "Tyuiu.SugrovskiyNI.Sprint4.Task2.V14\Tyuiu.SugrovskiyNI.Sprint4.Task2.V14.csproj", "{96FCDD28-B98E-4AEC-9BD0-52EF1E134845}"
EndProject
Project("{FAE04EC0-301F-11D3-BF4B-00C04F79EFBC}") = "Tyuiu.SugrovskiyNI.Sprint4.Task2.V14.Lib", "Tyuiu.SugrovskiyNI.Sprint4.Task2.V14.Lib\Tyuiu.SugrovskiyNI.Sprint4.Task2.V14.Lib.csproj", "{F0C1C0F8-4F7A-49EE-9F11-F181B332318C}"
EndProject
Project("{FAE04EC0-301F-11D3-BF4B-00C04F79EFBC}") = "Tyuiu.SugrovskiyNI.Sprint4.Task2.V14.Test", "Tyuiu.SugrovskiyNI.Sprint4.Task2.V14.Test\Tyuiu.SugrovskiyNI.Sprint4.Task2.V14.Test.csproj", "{E13EE3F3-D5A0-44FE-9EB9-EB6072B520E1}"
EndProject
Project("{2150E333-8FDC-42A3-9474-1A3956D46DE8}") = "Task3", "Task3", "{F7216218-DD19-49AF-AA3E-024768E14198}"
EndProject
Project("{FAE04EC0-301F-11D3-BF4B-00C04F79EFBC}") = "Tyuiu.SugrovskiyNI.Sprint4.Task3.V30", "Tyuiu.SugrovskiyNI.Sprint4.Task3.V18\Tyuiu.SugrovskiyNI.Sprint4.Task3.V30.csproj", "{D4F420CB-4A77-40EF-9CF7-A025925DDA77}"
EndProject
Project("{FAE04EC0-301F-11D3-BF4B-00C04F79EFBC}") = "Tyuiu.SugrovskiyNI.Sprint4.Task3.V30.Lib", "Tyuiu.SugrovskiyNI.Sprint4.Task3.V18.Lib\Tyuiu.SugrovskiyNI.Sprint4.Task3.V30.Lib.csproj", "{96916401-C943-4317-B194-4DD2777EBB7F}"
EndProject
Project("{FAE04EC0-301F-11D3-BF4B-00C04F79EFBC}") = "Tyuiu.SugrovskiyNI.Sprint4.Task3.V30.Test", "Tyuiu.SugrovskiyNI.Sprint4.Task3.V18.Test\Tyuiu.SugrovskiyNI.Sprint4.Task3.V30.Test.csproj", "{F7B8A705-8567-43F9-8C83-49DDF841254B}"
EndProject
Project("{2150E333-8FDC-42A3-9474-1A3956D46DE8}") = "Task4", "Task4", "{5BA7D371-FA38-4B15-BEAF-3A9D9B3F6AB2}"
EndProject
Project("{FAE04EC0-301F-11D3-BF4B-00C04F79EFBC}") = "Tyuiu.SugrovskiyNI.Sprint4.Task4.V9", "Tyuiu.SugrovskiyNI.Sprint4.Task4.V9\Tyuiu.SugrovskiyNI.Sprint4.Task4.V9.csproj", "{1A064B5C-4AE4-49C5-815F-6137C3B632CC}"
EndProject
Project("{FAE04EC0-301F-11D3-BF4B-00C04F79EFBC}") = "Tyuiu.SugrovskiyNI.Sprint4.Task4.V9.Lib", "Tyuiu.SugrovskiyNI.Sprint4.Task4.V9.Lib\Tyuiu.SugrovskiyNI.Sprint4.Task4.V9.Lib.csproj", "{C349EFC7-05CA-4157-89EE-5D54E10BE985}"
EndProject
Project("{FAE04EC0-301F-11D3-BF4B-00C04F79EFBC}") = "Tyuiu.SugrovskiyNI.Sprint4.Task4.V9.Test", "Tyuiu.SugrovskiyNI.Sprint4.Task4.V9.Test\Tyuiu.SugrovskiyNI.Sprint4.Task4.V9.Test.csproj", "{C70A70A0-433F-44DF-949E-CFA360F3A3EC}"
EndProject
Project("{2150E333-8FDC-42A3-9474-1A3956D46DE8}") = "Task5", "Task5", "{81A8F75E-5589-4884-9003-1B1E5935FEC4}"
EndProject
Project("{FAE04EC0-301F-11D3-BF4B-00C04F79EFBC}") = "Tyuiu.SugrovskiyNI.Sprint4.Task5.V18", "Tyuiu.SugrovskiyNI.Sprint4.Task5.V18\Tyuiu.SugrovskiyNI.Sprint4.Task5.V18.csproj", "{D5D9286D-4E83-49EC-A37E-A2723114525E}"
EndProject
Project("{FAE04EC0-301F-11D3-BF4B-00C04F79EFBC}") = "Tyuiu.SugrovskiyNI.Sprint4.Task5.V18.Lib", "Tyuiu.SugrovskiyNI.Sprint4.Task5.V18.Lib\Tyuiu.SugrovskiyNI.Sprint4.Task5.V18.Lib.csproj", "{C75951FA-94DF-4987-A8F1-A4159A14D28F}"
EndProject
Project("{FAE04EC0-301F-11D3-BF4B-00C04F79EFBC}") = "Tyuiu.SugrovskiyNI.Sprint4.Task5.V18.Test", "Tyuiu.SugrovskiyNI.Sprint4.Task5.V18.Test\Tyuiu.SugrovskiyNI.Sprint4.Task5.V18.Test.csproj", "{03FE7CEF-117E-4F5E-BA7F-B058BD56D25F}"
EndProject
Project("{2150E333-8FDC-42A3-9474-1A3956D46DE8}") = "Task6", "Task6", "{773A2157-E82F-4F54-A0B3-81CAABD81782}"
EndProject
Project("{FAE04EC0-301F-11D3-BF4B-00C04F79EFBC}") = "Tyuiu.SugrovskiyNI.Sprint4.Task6.V21", "Tyuiu.SugrovskiyNI.Sprint4.Task6.V21\Tyuiu.SugrovskiyNI.Sprint4.Task6.V21.csproj", "{DDBC24AE-184F-420E-B701-A0885C7FE4D6}"
EndProject
Project("{FAE04EC0-301F-11D3-BF4B-00C04F79EFBC}") = "Tyuiu.SugrovskiyNI.Sprint4.Task6.V21.Lib", "Tyuiu.SugrovskiyNI.Sprint4.Task6.V21.Lib\Tyuiu.SugrovskiyNI.Sprint4.Task6.V21.Lib.csproj", "{05AE3742-3207-4112-A32C-95DE01C15C2A}"
EndProject
Project("{FAE04EC0-301F-11D3-BF4B-00C04F79EFBC}") = "Tyuiu.SugrovskiyNI.Sprint4.Task6.V21.Test", "Tyuiu.SugrovskiyNI.Sprint4.Task6.V21.Test\Tyuiu.SugrovskiyNI.Sprint4.Task6.V21.Test.csproj", "{1DF3D402-A449-43C9-9F2A-2D8D9501F780}"
EndProject
Project("{2150E333-8FDC-42A3-9474-1A3956D46DE8}") = "Task7", "Task7", "{5DCCBC59-A534-4FE3-B2D3-074591721630}"
EndProject
Project("{FAE04EC0-301F-11D3-BF4B-00C04F79EFBC}") = "Tyuiu.SugrovskiyNI.Sprint4.Task7.V5", "Tyuiu.SugrovskiyNI.Sprint4.Task7.V5\Tyuiu.SugrovskiyNI.Sprint4.Task7.V5.csproj", "{1F05A357-35B2-4C79-B5F9-08602F88760F}"
EndProject
Project("{FAE04EC0-301F-11D3-BF4B-00C04F79EFBC}") = "Tyuiu.SugrovskiyNI.Sprint4.Task7.V5.Lib", "Tyuiu.SugrovskiyNI.Sprint4.Task7.V5.Lib\Tyuiu.SugrovskiyNI.Sprint4.Task7.V5.Lib.csproj", "{E99E877B-9653-478D-9933-093D49CDE836}"
EndProject
Project("{FAE04EC0-301F-11D3-BF4B-00C04F79EFBC}") = "Tyuiu.SugrovskiyNI.Sprint4.Task7.V5.Test", "Tyuiu.SugrovskiyNI.Sprint4.Task7.V5.Test\Tyuiu.SugrovskiyNI.Sprint4.Task7.V5.Test.csproj", "{D2709376-699A-443D-B1E9-FE42FF3B030D}"
EndProject
Global
	GlobalSection(SolutionConfigurationPlatforms) = preSolution
		Debug|Any CPU = Debug|Any CPU
		Release|Any CPU = Release|Any CPU
	EndGlobalSection
	GlobalSection(ProjectConfigurationPlatforms) = postSolution
		{D99F39DA-7576-4265-AE09-7A07F4EECB93}.Debug|Any CPU.ActiveCfg = Debug|Any CPU
		{D99F39DA-7576-4265-AE09-7A07F4EECB93}.Debug|Any CPU.Build.0 = Debug|Any CPU
		{D99F39DA-7576-4265-AE09-7A07F4EECB93}.Release|Any CPU.ActiveCfg = Release|Any CPU
		{D99F39DA-7576-4265-AE09-7A07F4EECB93}.Release|Any CPU.Build.0 = Release|Any CPU
		{9CB3C4FE-FE15-49E7-BB90-9D5662202D58}.Debug|Any CPU.ActiveCfg = Debug|Any CPU
		{9CB3C4FE-FE15-49E7-BB90-9D5662202D58}.Debug|Any CPU.Build.0 = Debug|Any CPU
		{9CB3C4FE-FE15-49E7-BB90-9D5662202D58}.Release|Any CPU.ActiveCfg = Release|Any CPU
		{9CB3C4FE-FE15-49E7-BB90-9D5662202D58}.Release|Any CPU.Build.0 = Release|Any CPU
		{B4C08C5F-7BBF-4944-A6FB-42E7C917C155}.Debug|Any CPU.ActiveCfg = Debug|Any CPU
		{B4C08C5F-7BBF-4944-A6FB-42E7C917C155}.Debug|Any CPU.Build.0 = Debug|Any CPU
		{B4C08C5F-7BBF-4944-A6FB-42E7C917C155}.Release|Any CPU.ActiveCfg = Release|Any CPU
		{B4C08C5F-7BBF-4944-A6FB-42E7C917C155}.Release|Any CPU.Build.0 = Release|Any CPU
		{B9940023-37FF-44D4-AA20-92F53086C7E7}.Debug|Any CPU.ActiveCfg = Debug|Any CPU
		{B9940023-37FF-44D4-AA20-92F53086C7E7}.Debug|Any CPU.Build.0 = Debug|Any CPU
		{B9940023-37FF-44D4-AA20-92F53086C7E7}.Release|Any CPU.ActiveCfg = Release|Any CPU
		{B9940023-37FF-44D4-AA20-92F53086C7E7}.Release|Any CPU.Build.0 = Release|Any CPU
		{B8A1520F-5A07-4C53-A1BF-73AB16BDC3BC}.Debug|Any CPU.ActiveCfg = Debug|Any CPU
		{B8A1520F-5A07-4C53-A1BF-73AB16BDC3BC}.Debug|Any CPU.Build.0 = Debug|Any CPU
		{B8A1520F-5A07-4C53-A1BF-73AB16BDC3BC}.Release|Any CPU.ActiveCfg = Release|Any CPU
		{B8A1520F-5A07-4C53-A1BF-73AB16BDC3BC}.Release|Any CPU.Build.0 = Release|Any CPU
		{6104138B-87CD-4F23-ADFE-F12CFC5D58D8}.Debug|Any CPU.ActiveCfg = Debug|Any CPU
		{6104138B-87CD-4F23-ADFE-F12CFC5D58D8}.Debug|Any CPU.Build.0 = Debug|Any CPU
		{6104138B-87CD-4F23-ADFE-F12CFC5D58D8}.Release|Any CPU.ActiveCfg = Release|Any CPU
		{6104138B-87CD-4F23-ADFE-F12CFC5D58D8}.Release|Any CPU.Build.0 = Release|Any CPU
		{96FCDD28-B98E-4AEC-9BD0-52EF1E134845}.Debug|Any CPU.ActiveCfg = Debug|Any CPU
		{96FCDD28-B98E-4AEC-9BD0-52EF1E134845}.Debug|Any CPU.Build.0 = Debug|Any CPU
		{96FCDD28-B98E-4AEC-9BD0-52EF1E134845}.Release|Any CPU.ActiveCfg = Release|Any CPU
		{96FCDD28-B98E-4AEC-9BD0-52EF1E134845}.Release|Any CPU.Build.0 = Release|Any CPU
		{F0C1C0F8-4F7A-49EE-9F11-F181B332318C}.Debug|Any CPU.ActiveCfg = Debug|Any CPU
		{F0C1C0F8-4F7A-49EE-9F11-F181B332318C}.Debug|Any CPU.Build.0 = Debug|Any CPU
		{F0C1C0F8-4F7A-49EE-9F11-F181B332318C}.Release|Any CPU.ActiveCfg = Release|Any CPU
		{F0C1C0F8-4F7A-49EE-9F11-F181B332318C}.Release|Any CPU.Build.0 = Release|Any CPU
		{E13EE3F3-D5A0-44FE-9EB9-EB6072B520E1}.Debug|Any CPU.ActiveCfg = Debug|Any CPU
		{E13EE3F3-D5A0-44FE-9EB9-EB6072B520E1}.Debug|Any CPU.Build.0 = Debug|Any CPU
		{E13EE3F3-D5A0-44FE-9EB9-EB6072B520E1}.Release|Any CPU.ActiveCfg = Release|Any CPU
		{E13EE3F3-D5A0-44FE-9EB9-EB6072B520E1}.Release|Any CPU.Build.0 = Release|Any CPU
		{D4F420CB-4A77-40EF-9CF7-A025925DDA77}.Debug|Any CPU.ActiveCfg = Debug|Any CPU
		{D4F420CB-4A77-40EF-9CF7-A025925DDA77}.Debug|Any CPU.Build.0 = Debug|Any CPU
		{D4F420CB-4A77-40EF-9CF7-A025925DDA77}.Release|Any CPU.ActiveCfg = Release|Any CPU
		{D4F420CB-4A77-40EF-9CF7-A025925DDA77}.Release|Any CPU.Build.0 = Release|Any CPU
		{96916401-C943-4317-B194-4DD2777EBB7F}.Debug|Any CPU.ActiveCfg = Debug|Any CPU
		{96916401-C943-4317-B194-4DD2777EBB7F}.Debug|Any CPU.Build.0 = Debug|Any CPU
		{96916401-C943-4317-B194-4DD2777EBB7F}.Release|Any CPU.ActiveCfg = Release|Any CPU
		{96916401-C943-4317-B194-4DD2777EBB7F}.Release|Any CPU.Build.0 = Release|Any CPU
		{F7B8A705-8567-43F9-8C83-49DDF841254B}.Debug|Any CPU.ActiveCfg = Debug|Any CPU
		{F7B8A705-8567-43F9-8C83-49DDF841254B}.Debug|Any CPU.Build.0 = Debug|Any CPU
		{F7B8A705-8567-43F9-8C83-49DDF841254B}.Release|Any CPU.ActiveCfg = Release|Any CPU
		{F7B8A705-8567-43F9-8C83-49DDF841254B}.Release|Any CPU.Build.0 = Release|Any CPU
		{1A064B5C-4AE4-49C5-815F-6137C3B632CC}.Debug|Any CPU.ActiveCfg = Debug|Any CPU
		{1A064B5C-4AE4-49C5-815F-6137C3B632CC}.Debug|Any CPU.Build.0 = Debug|Any CPU
		{1A064B5C-4AE4-49C5-815F-6137C3B632CC}.Release|Any CPU.ActiveCfg = Release|Any CPU
		{1A064B5C-4AE4-49C5-815F-6137C3B632CC}.Release|Any CPU.Build.0 = Release|Any CPU
		{C349EFC7-05CA-4157-89EE-5D54E10BE985}.Debug|Any CPU.ActiveCfg = Debug|Any CPU
		{C349EFC7-05CA-4157-89EE-5D54E10BE985}.Debug|Any CPU.Build.0 = Debug|Any CPU
		{C349EFC7-05CA-4157-89EE-5D54E10BE985}.Release|Any CPU.ActiveCfg = Release|Any CPU
		{C349EFC7-05CA-4157-89EE-5D54E10BE985}.Release|Any CPU.Build.0 = Release|Any CPU
		{C70A70A0-433F-44DF-949E-CFA360F3A3EC}.Debug|Any CPU.ActiveCfg = Debug|Any CPU
		{C70A70A0-433F-44DF-949E-CFA360F3A3EC}.Debug|Any CPU.Build.0 = Debug|Any CPU
		{C70A70A0-433F-44DF-949E-CFA360F3A3EC}.Release|Any CPU.ActiveCfg = Release|Any CPU
		{C70A70A0-433F-44DF-949E-CFA360F3A3EC}.Release|Any CPU.Build.0 = Release|Any CPU
		{D5D9286D-4E83-49EC-A37E-A2723114525E}.Debug|Any CPU.ActiveCfg = Debug|Any CPU
		{D5D9286D-4E83-49EC-A37E-A2723114525E}.Debug|Any CPU.Build.0 = Debug|Any CPU
		{D5D9286D-4E83-49EC-A37E-A2723114525E}.Release|Any CPU.ActiveCfg = Release|Any CPU
		{D5D9286D-4E83-49EC-A37E-A2723114525E}.Release|Any CPU.Build.0 = Release|Any CPU
		{C75951FA-94DF-4987-A8F1-A4159A14D28F}.Debug|Any CPU.ActiveCfg = Debug|Any CPU
		{C75951FA-94DF-4987-A8F1-A4159A14D28F}.Debug|Any CPU.Build.0 = Debug|Any CPU
		{C75951FA-94DF-4987-A8F1-A4159A14D28F}.Release|Any CPU.ActiveCfg = Release|Any CPU
		{C75951FA-94DF-4987-A8F1-A4159A14D28F}.Release|Any CPU.Build.0 = Release|Any CPU
		{03FE7CEF-117E-4F5E-BA7F-B058BD56D25F}.Debug|Any CPU.ActiveCfg = Debug|Any CPU
		{03FE7CEF-117E-4F5E-BA7F-B058BD56D25F}.Debug|Any CPU.Build.0 = Debug|Any CPU
		{03FE7CEF-117E-4F5E-BA7F-B058BD56D25F}.Release|Any CPU.ActiveCfg = Release|Any CPU
		{03FE7CEF-117E-4F5E-BA7F-B058BD56D25F}.Release|Any CPU.Build.0 = Release|Any CPU
		{DDBC24AE-184F-420E-B701-A0885C7FE4D6}.Debug|Any CPU.ActiveCfg = Debug|Any CPU
		{DDBC24AE-184F-420E-B701-A0885C7FE4D6}.Debug|Any CPU.Build.0 = Debug|Any CPU
		{DDBC24AE-184F-420E-B701-A0885C7FE4D6}.Release|Any CPU.ActiveCfg = Release|Any CPU
		{DDBC24AE-184F-420E-B701-A0885C7FE4D6}.Release|Any CPU.Build.0 = Release|Any CPU
		{05AE3742-3207-4112-A32C-95DE01C15C2A}.Debug|Any CPU.ActiveCfg = Debug|Any CPU
		{05AE3742-3207-4112-A32C-95DE01C15C2A}.Debug|Any CPU.Build.0 = Debug|Any CPU
		{05AE3742-3207-4112-A32C-95DE01C15C2A}.Release|Any CPU.ActiveCfg = Release|Any CPU
		{05AE3742-3207-4112-A32C-95DE01C15C2A}.Release|Any CPU.Build.0 = Release|Any CPU
		{1DF3D402-A449-43C9-9F2A-2D8D9501F780}.Debug|Any CPU.ActiveCfg = Debug|Any CPU
		{1DF3D402-A449-43C9-9F2A-2D8D9501F780}.Debug|Any CPU.Build.0 = Debug|Any CPU
		{1DF3D402-A449-43C9-9F2A-2D8D9501F780}.Release|Any CPU.ActiveCfg = Release|Any CPU
		{1DF3D402-A449-43C9-9F2A-2D8D9501F780}.Release|Any CPU.Build.0 = Release|Any CPU
		{1F05A357-35B2-4C79-B5F9-08602F88760F}.Debug|Any CPU.ActiveCfg = Debug|Any CPU
		{1F05A357-35B2-4C79-B5F9-08602F88760F}.Debug|Any CPU.Build.0 = Debug|Any CPU
		{1F05A357-35B2-4C79-B5F9-08602F88760F}.Release|Any CPU.ActiveCfg = Release|Any CPU
		{1F05A357-35B2-4C79-B5F9-08602F88760F}.Release|Any CPU.Build.0 = Release|Any CPU
		{E99E877B-9653-478D-9933-093D49CDE836}.Debug|Any CPU.ActiveCfg = Debug|Any CPU
		{E99E877B-9653-478D-9933-093D49CDE836}.Debug|Any CPU.Build.0 = Debug|Any CPU
		{E99E877B-9653-478D-9933-093D49CDE836}.Release|Any CPU.ActiveCfg = Release|Any CPU
		{E99E877B-9653-478D-9933-093D49CDE836}.Release|Any CPU.Build.0 = Release|Any CPU
		{D2709376-699A-443D-B1E9-FE42FF3B030D}.Debug|Any CPU.ActiveCfg = Debug|Any CPU
		{D2709376-699A-443D-B1E9-FE42FF3B030D}.Debug|Any CPU.Build.0 = Debug|Any CPU
		{D2709376-699A-443D-B1E9-FE42FF3B030D}.Release|Any CPU.ActiveCfg = Release|Any CPU
		{D2709376-699A-443D-B1E9-FE42FF3B030D}.Release|Any CPU.Build.0 = Release|Any CPU
	EndGlobalSection
	GlobalSection(SolutionProperties) = preSolution
		HideSolutionNode = FALSE
	EndGlobalSection
	GlobalSection(NestedProjects) = preSolution
		{D99F39DA-7576-4265-AE09-7A07F4EECB93} = {D3E60463-5D2F-47FE-B130-80A8BAE87FAF}
		{9CB3C4FE-FE15-49E7-BB90-9D5662202D58} = {D3E60463-5D2F-47FE-B130-80A8BAE87FAF}
		{B4C08C5F-7BBF-4944-A6FB-42E7C917C155} = {D3E60463-5D2F-47FE-B130-80A8BAE87FAF}
		{B9940023-37FF-44D4-AA20-92F53086C7E7} = {3B9B7F3A-D23A-40B2-AE73-2E5FB5B77529}
		{B8A1520F-5A07-4C53-A1BF-73AB16BDC3BC} = {3B9B7F3A-D23A-40B2-AE73-2E5FB5B77529}
		{6104138B-87CD-4F23-ADFE-F12CFC5D58D8} = {3B9B7F3A-D23A-40B2-AE73-2E5FB5B77529}
		{96FCDD28-B98E-4AEC-9BD0-52EF1E134845} = {3207A18D-D9AD-40EF-8D96-7D0AEF0A87B2}
		{F0C1C0F8-4F7A-49EE-9F11-F181B332318C} = {3207A18D-D9AD-40EF-8D96-7D0AEF0A87B2}
		{E13EE3F3-D5A0-44FE-9EB9-EB6072B520E1} = {3207A18D-D9AD-40EF-8D96-7D0AEF0A87B2}
		{D4F420CB-4A77-40EF-9CF7-A025925DDA77} = {F7216218-DD19-49AF-AA3E-024768E14198}
		{96916401-C943-4317-B194-4DD2777EBB7F} = {F7216218-DD19-49AF-AA3E-024768E14198}
		{F7B8A705-8567-43F9-8C83-49DDF841254B} = {F7216218-DD19-49AF-AA3E-024768E14198}
		{1A064B5C-4AE4-49C5-815F-6137C3B632CC} = {5BA7D371-FA38-4B15-BEAF-3A9D9B3F6AB2}
		{C349EFC7-05CA-4157-89EE-5D54E10BE985} = {5BA7D371-FA38-4B15-BEAF-3A9D9B3F6AB2}
		{C70A70A0-433F-44DF-949E-CFA360F3A3EC} = {5BA7D371-FA38-4B15-BEAF-3A9D9B3F6AB2}
		{D5D9286D-4E83-49EC-A37E-A2723114525E} = {81A8F75E-5589-4884-9003-1B1E5935FEC4}
		{C75951FA-94DF-4987-A8F1-A4159A14D28F} = {81A8F75E-5589-4884-9003-1B1E5935FEC4}
		{03FE7CEF-117E-4F5E-BA7F-B058BD56D25F} = {81A8F75E-5589-4884-9003-1B1E5935FEC4}
		{DDBC24AE-184F-420E-B701-A0885C7FE4D6} = {773A2157-E82F-4F54-A0B3-81CAABD81782}
		{05AE3742-3207-4112-A32C-95DE01C15C2A} = {773A2157-E82F-4F54-A0B3-81CAABD81782}
		{1DF3D402-A449-43C9-9F2A-2D8D9501F780} = {773A2157-E82F-4F54-A0B3-81CAABD81782}
		{1F05A357-35B2-4C79-B5F9-08602F88760F} = {5DCCBC59-A534-4FE3-B2D3-074591721630}
		{E99E877B-9653-478D-9933-093D49CDE836} = {5DCCBC59-A534-4FE3-B2D3-074591721630}
		{D2709376-699A-443D-B1E9-FE42FF3B030D} = {5DCCBC59-A534-4FE3-B2D3-074591721630}
	EndGlobalSection
	GlobalSection(ExtensibilityGlobals) = postSolution
		SolutionGuid = {445FD170-9F33-446C-9E46-326F91E14730}
	EndGlobalSection
EndGlobal
